
Microsoft Visual Studio Solution File, Format Version 12.00
# Visual Studio 15
VisualStudioVersion = 15.0.28307.106
MinimumVisualStudioVersion = 10.0.40219.1
Project("{F184B08F-C81C-45F6-A57F-5ABD9991F28F}") = "Envia correu", "Envia correu\Envia correu.vbproj", "{5F34EE40-DDBF-47A8-B4C1-D563F3FE6904}"
EndProject
Global
	GlobalSection(SolutionConfigurationPlatforms) = preSolution
		Debug|Any CPU = Debug|Any CPU
		Release|Any CPU = Release|Any CPU
	EndGlobalSection
	GlobalSection(ProjectConfigurationPlatforms) = postSolution
		{5F34EE40-DDBF-47A8-B4C1-D563F3FE6904}.Debug|Any CPU.ActiveCfg = Debug|Any CPU
		{5F34EE40-DDBF-47A8-B4C1-D563F3FE6904}.Debug|Any CPU.Build.0 = Debug|Any CPU
		{5F34EE40-DDBF-47A8-B4C1-D563F3FE6904}.Release|Any CPU.ActiveCfg = Release|Any CPU
		{5F34EE40-DDBF-47A8-B4C1-D563F3FE6904}.Release|Any CPU.Build.0 = Release|Any CPU
	EndGlobalSection
	GlobalSection(SolutionProperties) = preSolution
		HideSolutionNode = FALSE
	EndGlobalSection
	GlobalSection(ExtensibilityGlobals) = postSolution
		SolutionGuid = {4F2F7B68-7CAB-461A-8AF8-B198158BB200}
	EndGlobalSection
EndGlobal
